// !$*UTF8*$!
{
	archiveVersion = 1;
	classes = {
	};
	objectVersion = 50;
	objects = {

/* Begin PBXBuildFile section */
		7D11D069261AB9F1006251E9 /* Page2.storyboard in Resources */ = {isa = PBXBuildFile; fileRef = 7D11D067261AB9F1006251E9 /* Page2.storyboard */; };
		7D11D06C261ABA3E006251E9 /* Page3.storyboard in Resources */ = {isa = PBXBuildFile; fileRef = 7D11D06B261ABA3E006251E9 /* Page3.storyboard */; };
		7D11D06F261ABC0B006251E9 /* ProfileViewController.swift in Sources */ = {isa = PBXBuildFile; fileRef = 7D11D06E261ABC0B006251E9 /* ProfileViewController.swift */; };
		7D11D072261ABCBE006251E9 /* PersonDetailViewController.swift in Sources */ = {isa = PBXBuildFile; fileRef = 7D11D071261ABCBE006251E9 /* PersonDetailViewController.swift */; };
		7D11D077261AC4CA006251E9 /* DemoTableViewController.swift in Sources */ = {isa = PBXBuildFile; fileRef = 7D11D076261AC4CA006251E9 /* DemoTableViewController.swift */; };
		7D11D07B261AC938006251E9 /* CustomCell.swift in Sources */ = {isa = PBXBuildFile; fileRef = 7D11D07A261AC938006251E9 /* CustomCell.swift */; };
		7D4C2F4C261BFD2000AD0739 /* User.swift in Sources */ = {isa = PBXBuildFile; fileRef = 7D4C2F4B261BFD2000AD0739 /* User.swift */; };
		7D71943C2615726900CA6E26 /* AppDelegate.swift in Sources */ = {isa = PBXBuildFile; fileRef = 7D71943B2615726900CA6E26 /* AppDelegate.swift */; };
		7D71943E2615726900CA6E26 /* SceneDelegate.swift in Sources */ = {isa = PBXBuildFile; fileRef = 7D71943D2615726900CA6E26 /* SceneDelegate.swift */; };
		7D7194402615726900CA6E26 /* ViewController.swift in Sources */ = {isa = PBXBuildFile; fileRef = 7D71943F2615726900CA6E26 /* ViewController.swift */; };
		7D7194432615726900CA6E26 /* Main.storyboard in Resources */ = {isa = PBXBuildFile; fileRef = 7D7194412615726900CA6E26 /* Main.storyboard */; };
		7D7194452615726A00CA6E26 /* Assets.xcassets in Resources */ = {isa = PBXBuildFile; fileRef = 7D7194442615726A00CA6E26 /* Assets.xcassets */; };
		7D7194482615726A00CA6E26 /* LaunchScreen.storyboard in Resources */ = {isa = PBXBuildFile; fileRef = 7D7194462615726A00CA6E26 /* LaunchScreen.storyboard */; };
		7DB5AC97261C0E17002FCAEB /* DemoDay1Coredata.xcdatamodeld in Sources */ = {isa = PBXBuildFile; fileRef = 7DB5AC95261C0E17002FCAEB /* DemoDay1Coredata.xcdatamodeld */; };
		7DB5AC9D261C10FA002FCAEB /* Trainer+CoreDataClass.swift in Sources */ = {isa = PBXBuildFile; fileRef = 7DB5AC99261C10FA002FCAEB /* Trainer+CoreDataClass.swift */; };
		7DB5AC9E261C10FA002FCAEB /* Trainer+CoreDataProperties.swift in Sources */ = {isa = PBXBuildFile; fileRef = 7DB5AC9A261C10FA002FCAEB /* Trainer+CoreDataProperties.swift */; };
		7DB5AC9F261C10FA002FCAEB /* Pokemon+CoreDataClass.swift in Sources */ = {isa = PBXBuildFile; fileRef = 7DB5AC9B261C10FA002FCAEB /* Pokemon+CoreDataClass.swift */; };
		7DB5ACA0261C10FA002FCAEB /* Pokemon+CoreDataProperties.swift in Sources */ = {isa = PBXBuildFile; fileRef = 7DB5AC9C261C10FA002FCAEB /* Pokemon+CoreDataProperties.swift */; };
/* End PBXBuildFile section */

/* Begin PBXFileReference section */
		7D11D068261AB9F1006251E9 /* Base */ = {isa = PBXFileReference; lastKnownFileType = file.storyboard; name = Base; path = DemoDay1/Base.lproj/Page2.storyboard; sourceTree = "<group>"; };
		7D11D06B261ABA3E006251E9 /* Page3.storyboard */ = {isa = PBXFileReference; lastKnownFileType = file.storyboard; path = Page3.storyboard; sourceTree = "<group>"; };
		7D11D06E261ABC0B006251E9 /* ProfileViewController.swift */ = {isa = PBXFileReference; lastKnownFileType = sourcecode.swift; path = ProfileViewController.swift; sourceTree = "<group>"; };
		7D11D071261ABCBE006251E9 /* PersonDetailViewController.swift */ = {isa = PBXFileReference; lastKnownFileType = sourcecode.swift; path = PersonDetailViewController.swift; sourceTree = "<group>"; };
		7D11D076261AC4CA006251E9 /* DemoTableViewController.swift */ = {isa = PBXFileReference; lastKnownFileType = sourcecode.swift; path = DemoTableViewController.swift; sourceTree = "<group>"; };
		7D11D07A261AC938006251E9 /* CustomCell.swift */ = {isa = PBXFileReference; lastKnownFileType = sourcecode.swift; path = CustomCell.swift; sourceTree = "<group>"; };
		7D4C2F4B261BFD2000AD0739 /* User.swift */ = {isa = PBXFileReference; lastKnownFileType = sourcecode.swift; path = User.swift; sourceTree = "<group>"; };
		7D7194382615726900CA6E26 /* DemoDay1.app */ = {isa = PBXFileReference; explicitFileType = wrapper.application; includeInIndex = 0; path = DemoDay1.app; sourceTree = BUILT_PRODUCTS_DIR; };
		7D71943B2615726900CA6E26 /* AppDelegate.swift */ = {isa = PBXFileReference; lastKnownFileType = sourcecode.swift; path = AppDelegate.swift; sourceTree = "<group>"; };
		7D71943D2615726900CA6E26 /* SceneDelegate.swift */ = {isa = PBXFileReference; lastKnownFileType = sourcecode.swift; path = SceneDelegate.swift; sourceTree = "<group>"; };
		7D71943F2615726900CA6E26 /* ViewController.swift */ = {isa = PBXFileReference; lastKnownFileType = sourcecode.swift; path = ViewController.swift; sourceTree = "<group>"; };
		7D7194422615726900CA6E26 /* Base */ = {isa = PBXFileReference; lastKnownFileType = file.storyboard; name = Base; path = Base.lproj/Main.storyboard; sourceTree = "<group>"; };
		7D7194442615726A00CA6E26 /* Assets.xcassets */ = {isa = PBXFileReference; lastKnownFileType = folder.assetcatalog; path = Assets.xcassets; sourceTree = "<group>"; };
		7D7194472615726A00CA6E26 /* Base */ = {isa = PBXFileReference; lastKnownFileType = file.storyboard; name = Base; path = Base.lproj/LaunchScreen.storyboard; sourceTree = "<group>"; };
		7D7194492615726A00CA6E26 /* Info.plist */ = {isa = PBXFileReference; lastKnownFileType = text.plist.xml; path = Info.plist; sourceTree = "<group>"; };
		7DB5AC96261C0E17002FCAEB /* DemoDay1Coredata.xcdatamodel */ = {isa = PBXFileReference; lastKnownFileType = wrapper.xcdatamodel; path = DemoDay1Coredata.xcdatamodel; sourceTree = "<group>"; };
		7DB5AC99261C10FA002FCAEB /* Trainer+CoreDataClass.swift */ = {isa = PBXFileReference; lastKnownFileType = sourcecode.swift; path = "Trainer+CoreDataClass.swift"; sourceTree = "<group>"; };
		7DB5AC9A261C10FA002FCAEB /* Trainer+CoreDataProperties.swift */ = {isa = PBXFileReference; lastKnownFileType = sourcecode.swift; path = "Trainer+CoreDataProperties.swift"; sourceTree = "<group>"; };
		7DB5AC9B261C10FA002FCAEB /* Pokemon+CoreDataClass.swift */ = {isa = PBXFileReference; lastKnownFileType = sourcecode.swift; path = "Pokemon+CoreDataClass.swift"; sourceTree = "<group>"; };
		7DB5AC9C261C10FA002FCAEB /* Pokemon+CoreDataProperties.swift */ = {isa = PBXFileReference; lastKnownFileType = sourcecode.swift; path = "Pokemon+CoreDataProperties.swift"; sourceTree = "<group>"; };
/* End PBXFileReference section */

/* Begin PBXFrameworksBuildPhase section */
		7D7194352615726900CA6E26 /* Frameworks */ = {
			isa = PBXFrameworksBuildPhase;
			buildActionMask = 2147483647;
			files = (
			);
			runOnlyForDeploymentPostprocessing = 0;
		};
/* End PBXFrameworksBuildPhase section */

/* Begin PBXGroup section */
		7D4C2F42261BFC2100AD0739 /* Pages */ = {
			isa = PBXGroup;
			children = (
				7D7194412615726900CA6E26 /* Main.storyboard */,
				7D4C2F47261BFC4800AD0739 /* Pages 1 */,
				7D4C2F43261BFC3900AD0739 /* Pages 2 */,
				7D4C2F49261BFC5600AD0739 /* Pages 3 */,
			);
			path = Pages;
			sourceTree = "<group>";
		};
		7D4C2F43261BFC3900AD0739 /* Pages 2 */ = {
			isa = PBXGroup;
			children = (
				7D11D071261ABCBE006251E9 /* PersonDetailViewController.swift */,
				7D11D06E261ABC0B006251E9 /* ProfileViewController.swift */,
				7D11D067261AB9F1006251E9 /* Page2.storyboard */,
			);
			path = "Pages 2";
			sourceTree = "<group>";
		};
		7D4C2F47261BFC4800AD0739 /* Pages 1 */ = {
			isa = PBXGroup;
			children = (
				7D71943F2615726900CA6E26 /* ViewController.swift */,
			);
			path = "Pages 1";
			sourceTree = "<group>";
		};
		7D4C2F49261BFC5600AD0739 /* Pages 3 */ = {
			isa = PBXGroup;
			children = (
				7D11D07A261AC938006251E9 /* CustomCell.swift */,
				7D11D076261AC4CA006251E9 /* DemoTableViewController.swift */,
				7D4C2F4B261BFD2000AD0739 /* User.swift */,
				7D11D06B261ABA3E006251E9 /* Page3.storyboard */,
			);
			path = "Pages 3";
			sourceTree = "<group>";
		};
		7D71942F2615726900CA6E26 = {
			isa = PBXGroup;
			children = (
				7D71943A2615726900CA6E26 /* DemoDay1 */,
				7D7194392615726900CA6E26 /* Products */,
			);
			sourceTree = "<group>";
		};
		7D7194392615726900CA6E26 /* Products */ = {
			isa = PBXGroup;
			children = (
				7D7194382615726900CA6E26 /* DemoDay1.app */,
			);
			name = Products;
			sourceTree = "<group>";
		};
		7D71943A2615726900CA6E26 /* DemoDay1 */ = {
			isa = PBXGroup;
			children = (
				7DB5ACA2261C110B002FCAEB /* CoreData */,
				7D4C2F42261BFC2100AD0739 /* Pages */,
				7D71943B2615726900CA6E26 /* AppDelegate.swift */,
				7D71943D2615726900CA6E26 /* SceneDelegate.swift */,
				7D7194442615726A00CA6E26 /* Assets.xcassets */,
				7D7194462615726A00CA6E26 /* LaunchScreen.storyboard */,
				7D7194492615726A00CA6E26 /* Info.plist */,
			);
			path = DemoDay1;
			sourceTree = "<group>";
		};
		7DB5ACA2261C110B002FCAEB /* CoreData */ = {
			isa = PBXGroup;
			children = (
				7DB5AC95261C0E17002FCAEB /* DemoDay1Coredata.xcdatamodeld */,
				7DB5AC99261C10FA002FCAEB /* Trainer+CoreDataClass.swift */,
				7DB5AC9A261C10FA002FCAEB /* Trainer+CoreDataProperties.swift */,
				7DB5AC9B261C10FA002FCAEB /* Pokemon+CoreDataClass.swift */,
				7DB5AC9C261C10FA002FCAEB /* Pokemon+CoreDataProperties.swift */,
			);
			path = CoreData;
			sourceTree = "<group>";
		};
/* End PBXGroup section */

/* Begin PBXNativeTarget section */
		7D7194372615726900CA6E26 /* DemoDay1 */ = {
			isa = PBXNativeTarget;
			buildConfigurationList = 7D71944C2615726A00CA6E26 /* Build configuration list for PBXNativeTarget "DemoDay1" */;
			buildPhases = (
				7D7194342615726900CA6E26 /* Sources */,
				7D7194352615726900CA6E26 /* Frameworks */,
				7D7194362615726900CA6E26 /* Resources */,
			);
			buildRules = (
			);
			dependencies = (
			);
			name = DemoDay1;
			productName = DemoDay1;
			productReference = 7D7194382615726900CA6E26 /* DemoDay1.app */;
			productType = "com.apple.product-type.application";
		};
/* End PBXNativeTarget section */

/* Begin PBXProject section */
		7D7194302615726900CA6E26 /* Project object */ = {
			isa = PBXProject;
			attributes = {
				LastSwiftUpdateCheck = 1230;
				LastUpgradeCheck = 1230;
				TargetAttributes = {
					7D7194372615726900CA6E26 = {
						CreatedOnToolsVersion = 12.3;
					};
				};
			};
			buildConfigurationList = 7D7194332615726900CA6E26 /* Build configuration list for PBXProject "DemoDay1" */;
			compatibilityVersion = "Xcode 9.3";
			developmentRegion = en;
			hasScannedForEncodings = 0;
			knownRegions = (
				en,
				Base,
			);
			mainGroup = 7D71942F2615726900CA6E26;
			productRefGroup = 7D7194392615726900CA6E26 /* Products */;
			projectDirPath = "";
			projectRoot = "";
			targets = (
				7D7194372615726900CA6E26 /* DemoDay1 */,
			);
		};
/* End PBXProject section */

/* Begin PBXResourcesBuildPhase section */
		7D7194362615726900CA6E26 /* Resources */ = {
			isa = PBXResourcesBuildPhase;
			buildActionMask = 2147483647;
			files = (
				7D7194482615726A00CA6E26 /* LaunchScreen.storyboard in Resources */,
				7D7194452615726A00CA6E26 /* Assets.xcassets in Resources */,
				7D11D069261AB9F1006251E9 /* Page2.storyboard in Resources */,
				7D11D06C261ABA3E006251E9 /* Page3.storyboard in Resources */,
				7D7194432615726900CA6E26 /* Main.storyboard in Resources */,
			);
			runOnlyForDeploymentPostprocessing = 0;
		};
/* End PBXResourcesBuildPhase section */

/* Begin PBXSourcesBuildPhase section */
		7D7194342615726900CA6E26 /* Sources */ = {
			isa = PBXSourcesBuildPhase;
			buildActionMask = 2147483647;
			files = (
				7DB5AC97261C0E17002FCAEB /* DemoDay1Coredata.xcdatamodeld in Sources */,
				7D7194402615726900CA6E26 /* ViewController.swift in Sources */,
				7D11D077261AC4CA006251E9 /* DemoTableViewController.swift in Sources */,
				7D11D072261ABCBE006251E9 /* PersonDetailViewController.swift in Sources */,
				7D11D06F261ABC0B006251E9 /* ProfileViewController.swift in Sources */,
				7DB5ACA0261C10FA002FCAEB /* Pokemon+CoreDataProperties.swift in Sources */,
				7D4C2F4C261BFD2000AD0739 /* User.swift in Sources */,
				7DB5AC9E261C10FA002FCAEB /* Trainer+CoreDataProperties.swift in Sources */,
				7DB5AC9F261C10FA002FCAEB /* Pokemon+CoreDataClass.swift in Sources */,
				7D71943C2615726900CA6E26 /* AppDelegate.swift in Sources */,
				7DB5AC9D261C10FA002FCAEB /* Trainer+CoreDataClass.swift in Sources */,
				7D11D07B261AC938006251E9 /* CustomCell.swift in Sources */,
				7D71943E2615726900CA6E26 /* SceneDelegate.swift in Sources */,
			);
			runOnlyForDeploymentPostprocessing = 0;
		};
/* End PBXSourcesBuildPhase section */

/* Begin PBXVariantGroup section */
		7D11D067261AB9F1006251E9 /* Page2.storyboard */ = {
			isa = PBXVariantGroup;
			children = (
				7D11D068261AB9F1006251E9 /* Base */,
			);
			name = Page2.storyboard;
			sourceTree = "<group>";
		};
		7D7194412615726900CA6E26 /* Main.storyboard */ = {
			isa = PBXVariantGroup;
			children = (
				7D7194422615726900CA6E26 /* Base */,
			);
			name = Main.storyboard;
			sourceTree = "<group>";
		};
		7D7194462615726A00CA6E26 /* LaunchScreen.storyboard */ = {
			isa = PBXVariantGroup;
			children = (
				7D7194472615726A00CA6E26 /* Base */,
			);
			name = LaunchScreen.storyboard;
			sourceTree = "<group>";
		};
/* End PBXVariantGroup section */

/* Begin XCBuildConfiguration section */
		7D71944A2615726A00CA6E26 /* Debug */ = {
			isa = XCBuildConfiguration;
			buildSettings = {
				ALWAYS_SEARCH_USER_PATHS = NO;
				CLANG_ANALYZER_NONNULL = YES;
				CLANG_ANALYZER_NUMBER_OBJECT_CONVERSION = YES_AGGRESSIVE;
				CLANG_CXX_LANGUAGE_STANDARD = "gnu++14";
				CLANG_CXX_LIBRARY = "libc++";
				CLANG_ENABLE_MODULES = YES;
				CLANG_ENABLE_OBJC_ARC = YES;
				CLANG_ENABLE_OBJC_WEAK = YES;
				CLANG_WARN_BLOCK_CAPTURE_AUTORELEASING = YES;
				CLANG_WARN_BOOL_CONVERSION = YES;
				CLANG_WARN_COMMA = YES;
				CLANG_WARN_CONSTANT_CONVERSION = YES;
				CLANG_WARN_DEPRECATED_OBJC_IMPLEMENTATIONS = YES;
				CLANG_WARN_DIRECT_OBJC_ISA_USAGE = YES_ERROR;
				CLANG_WARN_DOCUMENTATION_COMMENTS = YES;
				CLANG_WARN_EMPTY_BODY = YES;
				CLANG_WARN_ENUM_CONVERSION = YES;
				CLANG_WARN_INFINITE_RECURSION = YES;
				CLANG_WARN_INT_CONVERSION = YES;
				CLANG_WARN_NON_LITERAL_NULL_CONVERSION = YES;
				CLANG_WARN_OBJC_IMPLICIT_RETAIN_SELF = YES;
				CLANG_WARN_OBJC_LITERAL_CONVERSION = YES;
				CLANG_WARN_OBJC_ROOT_CLASS = YES_ERROR;
				CLANG_WARN_QUOTED_INCLUDE_IN_FRAMEWORK_HEADER = YES;
				CLANG_WARN_RANGE_LOOP_ANALYSIS = YES;
				CLANG_WARN_STRICT_PROTOTYPES = YES;
				CLANG_WARN_SUSPICIOUS_MOVE = YES;
				CLANG_WARN_UNGUARDED_AVAILABILITY = YES_AGGRESSIVE;
				CLANG_WARN_UNREACHABLE_CODE = YES;
				CLANG_WARN__DUPLICATE_METHOD_MATCH = YES;
				COPY_PHASE_STRIP = NO;
				DEBUG_INFORMATION_FORMAT = dwarf;
				ENABLE_STRICT_OBJC_MSGSEND = YES;
				ENABLE_TESTABILITY = YES;
				GCC_C_LANGUAGE_STANDARD = gnu11;
				GCC_DYNAMIC_NO_PIC = NO;
				GCC_NO_COMMON_BLOCKS = YES;
				GCC_OPTIMIZATION_LEVEL = 0;
				GCC_PREPROCESSOR_DEFINITIONS = (
					"DEBUG=1",
					"$(inherited)",
				);
				GCC_WARN_64_TO_32_BIT_CONVERSION = YES;
				GCC_WARN_ABOUT_RETURN_TYPE = YES_ERROR;
				GCC_WARN_UNDECLARED_SELECTOR = YES;
				GCC_WARN_UNINITIALIZED_AUTOS = YES_AGGRESSIVE;
				GCC_WARN_UNUSED_FUNCTION = YES;
				GCC_WARN_UNUSED_VARIABLE = YES;
				IPHONEOS_DEPLOYMENT_TARGET = 14.3;
				MTL_ENABLE_DEBUG_INFO = INCLUDE_SOURCE;
				MTL_FAST_MATH = YES;
				ONLY_ACTIVE_ARCH = YES;
				SDKROOT = iphoneos;
				SWIFT_ACTIVE_COMPILATION_CONDITIONS = DEBUG;
				SWIFT_OPTIMIZATION_LEVEL = "-Onone";
			};
			name = Debug;
		};
		7D71944B2615726A00CA6E26 /* Release */ = {
			isa = XCBuildConfiguration;
			buildSettings = {
				ALWAYS_SEARCH_USER_PATHS = NO;
				CLANG_ANALYZER_NONNULL = YES;
				CLANG_ANALYZER_NUMBER_OBJECT_CONVERSION = YES_AGGRESSIVE;
				CLANG_CXX_LANGUAGE_STANDARD = "gnu++14";
				CLANG_CXX_LIBRARY = "libc++";
				CLANG_ENABLE_MODULES = YES;
				CLANG_ENABLE_OBJC_ARC = YES;
				CLANG_ENABLE_OBJC_WEAK = YES;
				CLANG_WARN_BLOCK_CAPTURE_AUTORELEASING = YES;
				CLANG_WARN_BOOL_CONVERSION = YES;
				CLANG_WARN_COMMA = YES;
				CLANG_WARN_CONSTANT_CONVERSION = YES;
				CLANG_WARN_DEPRECATED_OBJC_IMPLEMENTATIONS = YES;
				CLANG_WARN_DIRECT_OBJC_ISA_USAGE = YES_ERROR;
				CLANG_WARN_DOCUMENTATION_COMMENTS = YES;
				CLANG_WARN_EMPTY_BODY = YES;
				CLANG_WARN_ENUM_CONVERSION = YES;
				CLANG_WARN_INFINITE_RECURSION = YES;
				CLANG_WARN_INT_CONVERSION = YES;
				CLANG_WARN_NON_LITERAL_NULL_CONVERSION = YES;
				CLANG_WARN_OBJC_IMPLICIT_RETAIN_SELF = YES;
				CLANG_WARN_OBJC_LITERAL_CONVERSION = YES;
				CLANG_WARN_OBJC_ROOT_CLASS = YES_ERROR;
				CLANG_WARN_QUOTED_INCLUDE_IN_FRAMEWORK_HEADER = YES;
				CLANG_WARN_RANGE_LOOP_ANALYSIS = YES;
				CLANG_WARN_STRICT_PROTOTYPES = YES;
				CLANG_WARN_SUSPICIOUS_MOVE = YES;
				CLANG_WARN_UNGUARDED_AVAILABILITY = YES_AGGRESSIVE;
				CLANG_WARN_UNREACHABLE_CODE = YES;
				CLANG_WARN__DUPLICATE_METHOD_MATCH = YES;
				COPY_PHASE_STRIP = NO;
				DEBUG_INFORMATION_FORMAT = "dwarf-with-dsym";
				ENABLE_NS_ASSERTIONS = NO;
				ENABLE_STRICT_OBJC_MSGSEND = YES;
				GCC_C_LANGUAGE_STANDARD = gnu11;
				GCC_NO_COMMON_BLOCKS = YES;
				GCC_WARN_64_TO_32_BIT_CONVERSION = YES;
				GCC_WARN_ABOUT_RETURN_TYPE = YES_ERROR;
				GCC_WARN_UNDECLARED_SELECTOR = YES;
				GCC_WARN_UNINITIALIZED_AUTOS = YES_AGGRESSIVE;
				GCC_WARN_UNUSED_FUNCTION = YES;
				GCC_WARN_UNUSED_VARIABLE = YES;
				IPHONEOS_DEPLOYMENT_TARGET = 14.3;
				MTL_ENABLE_DEBUG_INFO = NO;
				MTL_FAST_MATH = YES;
				SDKROOT = iphoneos;
				SWIFT_COMPILATION_MODE = wholemodule;
				SWIFT_OPTIMIZATION_LEVEL = "-O";
				VALIDATE_PRODUCT = YES;
			};
			name = Release;
		};
		7D71944D2615726A00CA6E26 /* Debug */ = {
			isa = XCBuildConfiguration;
			buildSettings = {
				ASSETCATALOG_COMPILER_APPICON_NAME = AppIcon;
				ASSETCATALOG_COMPILER_GLOBAL_ACCENT_COLOR_NAME = AccentColor;
				CODE_SIGN_STYLE = Automatic;
				DEVELOPMENT_TEAM = ZK45DE64XX;
				INFOPLIST_FILE = DemoDay1/Info.plist;
				LD_RUNPATH_SEARCH_PATHS = (
					"$(inherited)",
					"@executable_path/Frameworks",
				);
				PRODUCT_BUNDLE_IDENTIFIER = AppleDeveloperAcademyBinus.DemoDay1;
				PRODUCT_NAME = "$(TARGET_NAME)";
				SWIFT_VERSION = 5.0;
				TARGETED_DEVICE_FAMILY = 1;
			};
			name = Debug;
		};
		7D71944E2615726A00CA6E26 /* Release */ = {
			isa = XCBuildConfiguration;
			buildSettings = {
				ASSETCATALOG_COMPILER_APPICON_NAME = AppIcon;
				ASSETCATALOG_COMPILER_GLOBAL_ACCENT_COLOR_NAME = AccentColor;
				CODE_SIGN_STYLE = Automatic;
				DEVELOPMENT_TEAM = ZK45DE64XX;
				INFOPLIST_FILE = DemoDay1/Info.plist;
				LD_RUNPATH_SEARCH_PATHS = (
					"$(inherited)",
					"@executable_path/Frameworks",
				);
				PRODUCT_BUNDLE_IDENTIFIER = AppleDeveloperAcademyBinus.DemoDay1;
				PRODUCT_NAME = "$(TARGET_NAME)";
				SWIFT_VERSION = 5.0;
				TARGETED_DEVICE_FAMILY = 1;
			};
			name = Release;
		};
/* End XCBuildConfiguration section */

/* Begin XCConfigurationList section */
		7D7194332615726900CA6E26 /* Build configuration list for PBXProject "DemoDay1" */ = {
			isa = XCConfigurationList;
			buildConfigurations = (
				7D71944A2615726A00CA6E26 /* Debug */,
				7D71944B2615726A00CA6E26 /* Release */,
			);
			defaultConfigurationIsVisible = 0;
			defaultConfigurationName = Release;
		};
		7D71944C2615726A00CA6E26 /* Build configuration list for PBXNativeTarget "DemoDay1" */ = {
			isa = XCConfigurationList;
			buildConfigurations = (
				7D71944D2615726A00CA6E26 /* Debug */,
				7D71944E2615726A00CA6E26 /* Release */,
			);
			defaultConfigurationIsVisible = 0;
			defaultConfigurationName = Release;
		};
/* End XCConfigurationList section */

/* Begin XCVersionGroup section */
		7DB5AC95261C0E17002FCAEB /* DemoDay1Coredata.xcdatamodeld */ = {
			isa = XCVersionGroup;
			children = (
				7DB5AC96261C0E17002FCAEB /* DemoDay1Coredata.xcdatamodel */,
			);
			currentVersion = 7DB5AC96261C0E17002FCAEB /* DemoDay1Coredata.xcdatamodel */;
			path = DemoDay1Coredata.xcdatamodeld;
			sourceTree = "<group>";
			versionGroupType = wrapper.xcdatamodel;
		};
/* End XCVersionGroup section */
	};
	rootObject = 7D7194302615726900CA6E26 /* Project object */;
}
